// !$*UTF8*$!
{
	archiveVersion = 1;
	classes = {
	};
	objectVersion = 56;
	objects = {

/* Begin PBXBuildFile section */
		AE554D0B2ACAD2DB00579320 /* AppDelegate.swift in Sources */ = {isa = PBXBuildFile; fileRef = AE554D0A2ACAD2DB00579320 /* AppDelegate.swift */; };
		AE554D0D2ACAD2DB00579320 /* ViewController.swift in Sources */ = {isa = PBXBuildFile; fileRef = AE554D0C2ACAD2DB00579320 /* ViewController.swift */; };
		AE554D0F2ACAD2DC00579320 /* Assets.xcassets in Resources */ = {isa = PBXBuildFile; fileRef = AE554D0E2ACAD2DC00579320 /* Assets.xcassets */; };
		AE554D122ACAD2DC00579320 /* Main.storyboard in Resources */ = {isa = PBXBuildFile; fileRef = AE554D102ACAD2DC00579320 /* Main.storyboard */; };
		AE554D1D2ACAD2DC00579320 /* Bandcamp_Collection_ManagerTests.swift in Sources */ = {isa = PBXBuildFile; fileRef = AE554D1C2ACAD2DC00579320 /* Bandcamp_Collection_ManagerTests.swift */; };
		AE554D272ACAD2DC00579320 /* Bandcamp_Collection_ManagerUITests.swift in Sources */ = {isa = PBXBuildFile; fileRef = AE554D262ACAD2DC00579320 /* Bandcamp_Collection_ManagerUITests.swift */; };
		AE554D292ACAD2DC00579320 /* Bandcamp_Collection_ManagerUITestsLaunchTests.swift in Sources */ = {isa = PBXBuildFile; fileRef = AE554D282ACAD2DC00579320 /* Bandcamp_Collection_ManagerUITestsLaunchTests.swift */; };
/* End PBXBuildFile section */

/* Begin PBXContainerItemProxy section */
		AE554D192ACAD2DC00579320 /* PBXContainerItemProxy */ = {
			isa = PBXContainerItemProxy;
			containerPortal = AE554CFF2ACAD2DB00579320 /* Project object */;
			proxyType = 1;
			remoteGlobalIDString = AE554D062ACAD2DB00579320;
			remoteInfo = "Bandcamp Collection Manager";
		};
		AE554D232ACAD2DC00579320 /* PBXContainerItemProxy */ = {
			isa = PBXContainerItemProxy;
			containerPortal = AE554CFF2ACAD2DB00579320 /* Project object */;
			proxyType = 1;
			remoteGlobalIDString = AE554D062ACAD2DB00579320;
			remoteInfo = "Bandcamp Collection Manager";
		};
/* End PBXContainerItemProxy section */

/* Begin PBXFileReference section */
		AE554D072ACAD2DB00579320 /* Bandcamp Collection Manager.app */ = {isa = PBXFileReference; explicitFileType = wrapper.application; includeInIndex = 0; path = "Bandcamp Collection Manager.app"; sourceTree = BUILT_PRODUCTS_DIR; };
		AE554D0A2ACAD2DB00579320 /* AppDelegate.swift */ = {isa = PBXFileReference; lastKnownFileType = sourcecode.swift; path = AppDelegate.swift; sourceTree = "<group>"; };
		AE554D0C2ACAD2DB00579320 /* ViewController.swift */ = {isa = PBXFileReference; lastKnownFileType = sourcecode.swift; path = ViewController.swift; sourceTree = "<group>"; };
		AE554D0E2ACAD2DC00579320 /* Assets.xcassets */ = {isa = PBXFileReference; lastKnownFileType = folder.assetcatalog; path = Assets.xcassets; sourceTree = "<group>"; };
		AE554D112ACAD2DC00579320 /* Base */ = {isa = PBXFileReference; lastKnownFileType = file.storyboard; name = Base; path = Base.lproj/Main.storyboard; sourceTree = "<group>"; };
		AE554D132ACAD2DC00579320 /* Bandcamp_Collection_Manager.entitlements */ = {isa = PBXFileReference; lastKnownFileType = text.plist.entitlements; path = Bandcamp_Collection_Manager.entitlements; sourceTree = "<group>"; };
		AE554D182ACAD2DC00579320 /* Bandcamp Collection ManagerTests.xctest */ = {isa = PBXFileReference; explicitFileType = wrapper.cfbundle; includeInIndex = 0; path = "Bandcamp Collection ManagerTests.xctest"; sourceTree = BUILT_PRODUCTS_DIR; };
		AE554D1C2ACAD2DC00579320 /* Bandcamp_Collection_ManagerTests.swift */ = {isa = PBXFileReference; lastKnownFileType = sourcecode.swift; path = Bandcamp_Collection_ManagerTests.swift; sourceTree = "<group>"; };
		AE554D222ACAD2DC00579320 /* Bandcamp Collection ManagerUITests.xctest */ = {isa = PBXFileReference; explicitFileType = wrapper.cfbundle; includeInIndex = 0; path = "Bandcamp Collection ManagerUITests.xctest"; sourceTree = BUILT_PRODUCTS_DIR; };
		AE554D262ACAD2DC00579320 /* Bandcamp_Collection_ManagerUITests.swift */ = {isa = PBXFileReference; lastKnownFileType = sourcecode.swift; path = Bandcamp_Collection_ManagerUITests.swift; sourceTree = "<group>"; };
		AE554D282ACAD2DC00579320 /* Bandcamp_Collection_ManagerUITestsLaunchTests.swift */ = {isa = PBXFileReference; lastKnownFileType = sourcecode.swift; path = Bandcamp_Collection_ManagerUITestsLaunchTests.swift; sourceTree = "<group>"; };
/* End PBXFileReference section */

/* Begin PBXFrameworksBuildPhase section */
		AE554D042ACAD2DB00579320 /* Frameworks */ = {
			isa = PBXFrameworksBuildPhase;
			buildActionMask = 2147483647;
			files = (
			);
			runOnlyForDeploymentPostprocessing = 0;
		};
		AE554D152ACAD2DC00579320 /* Frameworks */ = {
			isa = PBXFrameworksBuildPhase;
			buildActionMask = 2147483647;
			files = (
			);
			runOnlyForDeploymentPostprocessing = 0;
		};
		AE554D1F2ACAD2DC00579320 /* Frameworks */ = {
			isa = PBXFrameworksBuildPhase;
			buildActionMask = 2147483647;
			files = (
			);
			runOnlyForDeploymentPostprocessing = 0;
		};
/* End PBXFrameworksBuildPhase section */

/* Begin PBXGroup section */
		AE554CFE2ACAD2DB00579320 = {
			isa = PBXGroup;
			children = (
				AE554D092ACAD2DB00579320 /* Bandcamp Collection Manager */,
				AE554D1B2ACAD2DC00579320 /* Bandcamp Collection ManagerTests */,
				AE554D252ACAD2DC00579320 /* Bandcamp Collection ManagerUITests */,
				AE554D082ACAD2DB00579320 /* Products */,
			);
			sourceTree = "<group>";
		};
		AE554D082ACAD2DB00579320 /* Products */ = {
			isa = PBXGroup;
			children = (
				AE554D072ACAD2DB00579320 /* Bandcamp Collection Manager.app */,
				AE554D182ACAD2DC00579320 /* Bandcamp Collection ManagerTests.xctest */,
				AE554D222ACAD2DC00579320 /* Bandcamp Collection ManagerUITests.xctest */,
			);
			name = Products;
			sourceTree = "<group>";
		};
		AE554D092ACAD2DB00579320 /* Bandcamp Collection Manager */ = {
			isa = PBXGroup;
			children = (
				AE554D0A2ACAD2DB00579320 /* AppDelegate.swift */,
				AE554D0C2ACAD2DB00579320 /* ViewController.swift */,
				AE554D0E2ACAD2DC00579320 /* Assets.xcassets */,
				AE554D102ACAD2DC00579320 /* Main.storyboard */,
				AE554D132ACAD2DC00579320 /* Bandcamp_Collection_Manager.entitlements */,
			);
			path = "Bandcamp Collection Manager";
			sourceTree = "<group>";
		};
		AE554D1B2ACAD2DC00579320 /* Bandcamp Collection ManagerTests */ = {
			isa = PBXGroup;
			children = (
				AE554D1C2ACAD2DC00579320 /* Bandcamp_Collection_ManagerTests.swift */,
			);
			path = "Bandcamp Collection ManagerTests";
			sourceTree = "<group>";
		};
		AE554D252ACAD2DC00579320 /* Bandcamp Collection ManagerUITests */ = {
			isa = PBXGroup;
			children = (
				AE554D262ACAD2DC00579320 /* Bandcamp_Collection_ManagerUITests.swift */,
				AE554D282ACAD2DC00579320 /* Bandcamp_Collection_ManagerUITestsLaunchTests.swift */,
			);
			path = "Bandcamp Collection ManagerUITests";
			sourceTree = "<group>";
		};
/* End PBXGroup section */

/* Begin PBXNativeTarget section */
		AE554D062ACAD2DB00579320 /* Bandcamp Collection Manager */ = {
			isa = PBXNativeTarget;
			buildConfigurationList = AE554D2C2ACAD2DC00579320 /* Build configuration list for PBXNativeTarget "Bandcamp Collection Manager" */;
			buildPhases = (
				AE554D032ACAD2DB00579320 /* Sources */,
				AE554D042ACAD2DB00579320 /* Frameworks */,
				AE554D052ACAD2DB00579320 /* Resources */,
			);
			buildRules = (
			);
			dependencies = (
			);
			name = "Bandcamp Collection Manager";
			productName = "Bandcamp Collection Manager";
			productReference = AE554D072ACAD2DB00579320 /* Bandcamp Collection Manager.app */;
			productType = "com.apple.product-type.application";
		};
		AE554D172ACAD2DC00579320 /* Bandcamp Collection ManagerTests */ = {
			isa = PBXNativeTarget;
			buildConfigurationList = AE554D2F2ACAD2DC00579320 /* Build configuration list for PBXNativeTarget "Bandcamp Collection ManagerTests" */;
			buildPhases = (
				AE554D142ACAD2DC00579320 /* Sources */,
				AE554D152ACAD2DC00579320 /* Frameworks */,
				AE554D162ACAD2DC00579320 /* Resources */,
			);
			buildRules = (
			);
			dependencies = (
				AE554D1A2ACAD2DC00579320 /* PBXTargetDependency */,
			);
			name = "Bandcamp Collection ManagerTests";
			productName = "Bandcamp Collection ManagerTests";
			productReference = AE554D182ACAD2DC00579320 /* Bandcamp Collection ManagerTests.xctest */;
			productType = "com.apple.product-type.bundle.unit-test";
		};
		AE554D212ACAD2DC00579320 /* Bandcamp Collection ManagerUITests */ = {
			isa = PBXNativeTarget;
			buildConfigurationList = AE554D322ACAD2DC00579320 /* Build configuration list for PBXNativeTarget "Bandcamp Collection ManagerUITests" */;
			buildPhases = (
				AE554D1E2ACAD2DC00579320 /* Sources */,
				AE554D1F2ACAD2DC00579320 /* Frameworks */,
				AE554D202ACAD2DC00579320 /* Resources */,
			);
			buildRules = (
			);
			dependencies = (
				AE554D242ACAD2DC00579320 /* PBXTargetDependency */,
			);
			name = "Bandcamp Collection ManagerUITests";
			productName = "Bandcamp Collection ManagerUITests";
			productReference = AE554D222ACAD2DC00579320 /* Bandcamp Collection ManagerUITests.xctest */;
			productType = "com.apple.product-type.bundle.ui-testing";
		};
/* End PBXNativeTarget section */

/* Begin PBXProject section */
		AE554CFF2ACAD2DB00579320 /* Project object */ = {
			isa = PBXProject;
			attributes = {
				BuildIndependentTargetsInParallel = 1;
				LastSwiftUpdateCheck = 1500;
				LastUpgradeCheck = 1500;
				TargetAttributes = {
					AE554D062ACAD2DB00579320 = {
						CreatedOnToolsVersion = 15.0;
					};
					AE554D172ACAD2DC00579320 = {
						CreatedOnToolsVersion = 15.0;
						TestTargetID = AE554D062ACAD2DB00579320;
					};
					AE554D212ACAD2DC00579320 = {
						CreatedOnToolsVersion = 15.0;
						TestTargetID = AE554D062ACAD2DB00579320;
					};
				};
			};
			buildConfigurationList = AE554D022ACAD2DB00579320 /* Build configuration list for PBXProject "Bandcamp Collection Manager" */;
			compatibilityVersion = "Xcode 14.0";
			developmentRegion = en;
			hasScannedForEncodings = 0;
			knownRegions = (
				en,
				Base,
			);
			mainGroup = AE554CFE2ACAD2DB00579320;
			productRefGroup = AE554D082ACAD2DB00579320 /* Products */;
			projectDirPath = "";
			projectRoot = "";
			targets = (
				AE554D062ACAD2DB00579320 /* Bandcamp Collection Manager */,
				AE554D172ACAD2DC00579320 /* Bandcamp Collection ManagerTests */,
				AE554D212ACAD2DC00579320 /* Bandcamp Collection ManagerUITests */,
			);
		};
/* End PBXProject section */

/* Begin PBXResourcesBuildPhase section */
		AE554D052ACAD2DB00579320 /* Resources */ = {
			isa = PBXResourcesBuildPhase;
			buildActionMask = 2147483647;
			files = (
				AE554D0F2ACAD2DC00579320 /* Assets.xcassets in Resources */,
				AE554D122ACAD2DC00579320 /* Main.storyboard in Resources */,
			);
			runOnlyForDeploymentPostprocessing = 0;
		};
		AE554D162ACAD2DC00579320 /* Resources */ = {
			isa = PBXResourcesBuildPhase;
			buildActionMask = 2147483647;
			files = (
			);
			runOnlyForDeploymentPostprocessing = 0;
		};
		AE554D202ACAD2DC00579320 /* Resources */ = {
			isa = PBXResourcesBuildPhase;
			buildActionMask = 2147483647;
			files = (
			);
			runOnlyForDeploymentPostprocessing = 0;
		};
/* End PBXResourcesBuildPhase section */

/* Begin PBXSourcesBuildPhase section */
		AE554D032ACAD2DB00579320 /* Sources */ = {
			isa = PBXSourcesBuildPhase;
			buildActionMask = 2147483647;
			files = (
				AE554D0D2ACAD2DB00579320 /* ViewController.swift in Sources */,
				AE554D0B2ACAD2DB00579320 /* AppDelegate.swift in Sources */,
			);
			runOnlyForDeploymentPostprocessing = 0;
		};
		AE554D142ACAD2DC00579320 /* Sources */ = {
			isa = PBXSourcesBuildPhase;
			buildActionMask = 2147483647;
			files = (
				AE554D1D2ACAD2DC00579320 /* Bandcamp_Collection_ManagerTests.swift in Sources */,
			);
			runOnlyForDeploymentPostprocessing = 0;
		};
		AE554D1E2ACAD2DC00579320 /* Sources */ = {
			isa = PBXSourcesBuildPhase;
			buildActionMask = 2147483647;
			files = (
				AE554D292ACAD2DC00579320 /* Bandcamp_Collection_ManagerUITestsLaunchTests.swift in Sources */,
				AE554D272ACAD2DC00579320 /* Bandcamp_Collection_ManagerUITests.swift in Sources */,
			);
			runOnlyForDeploymentPostprocessing = 0;
		};
/* End PBXSourcesBuildPhase section */

/* Begin PBXTargetDependency section */
		AE554D1A2ACAD2DC00579320 /* PBXTargetDependency */ = {
			isa = PBXTargetDependency;
			target = AE554D062ACAD2DB00579320 /* Bandcamp Collection Manager */;
			targetProxy = AE554D192ACAD2DC00579320 /* PBXContainerItemProxy */;
		};
		AE554D242ACAD2DC00579320 /* PBXTargetDependency */ = {
			isa = PBXTargetDependency;
			target = AE554D062ACAD2DB00579320 /* Bandcamp Collection Manager */;
			targetProxy = AE554D232ACAD2DC00579320 /* PBXContainerItemProxy */;
		};
/* End PBXTargetDependency section */

/* Begin PBXVariantGroup section */
		AE554D102ACAD2DC00579320 /* Main.storyboard */ = {
			isa = PBXVariantGroup;
			children = (
				AE554D112ACAD2DC00579320 /* Base */,
			);
			name = Main.storyboard;
			sourceTree = "<group>";
		};
/* End PBXVariantGroup section */

/* Begin XCBuildConfiguration section */
		AE554D2A2ACAD2DC00579320 /* Debug */ = {
			isa = XCBuildConfiguration;
			buildSettings = {
				ALWAYS_SEARCH_USER_PATHS = NO;
				ASSETCATALOG_COMPILER_GENERATE_SWIFT_ASSET_SYMBOL_EXTENSIONS = YES;
				CLANG_ANALYZER_NONNULL = YES;
				CLANG_ANALYZER_NUMBER_OBJECT_CONVERSION = YES_AGGRESSIVE;
				CLANG_CXX_LANGUAGE_STANDARD = "gnu++20";
				CLANG_ENABLE_MODULES = YES;
				CLANG_ENABLE_OBJC_ARC = YES;
				CLANG_ENABLE_OBJC_WEAK = YES;
				CLANG_WARN_BLOCK_CAPTURE_AUTORELEASING = YES;
				CLANG_WARN_BOOL_CONVERSION = YES;
				CLANG_WARN_COMMA = YES;
				CLANG_WARN_CONSTANT_CONVERSION = YES;
				CLANG_WARN_DEPRECATED_OBJC_IMPLEMENTATIONS = YES;
				CLANG_WARN_DIRECT_OBJC_ISA_USAGE = YES_ERROR;
				CLANG_WARN_DOCUMENTATION_COMMENTS = YES;
				CLANG_WARN_EMPTY_BODY = YES;
				CLANG_WARN_ENUM_CONVERSION = YES;
				CLANG_WARN_INFINITE_RECURSION = YES;
				CLANG_WARN_INT_CONVERSION = YES;
				CLANG_WARN_NON_LITERAL_NULL_CONVERSION = YES;
				CLANG_WARN_OBJC_IMPLICIT_RETAIN_SELF = YES;
				CLANG_WARN_OBJC_LITERAL_CONVERSION = YES;
				CLANG_WARN_OBJC_ROOT_CLASS = YES_ERROR;
				CLANG_WARN_QUOTED_INCLUDE_IN_FRAMEWORK_HEADER = YES;
				CLANG_WARN_RANGE_LOOP_ANALYSIS = YES;
				CLANG_WARN_STRICT_PROTOTYPES = YES;
				CLANG_WARN_SUSPICIOUS_MOVE = YES;
				CLANG_WARN_UNGUARDED_AVAILABILITY = YES_AGGRESSIVE;
				CLANG_WARN_UNREACHABLE_CODE = YES;
				CLANG_WARN__DUPLICATE_METHOD_MATCH = YES;
				COPY_PHASE_STRIP = NO;
				DEBUG_INFORMATION_FORMAT = dwarf;
				ENABLE_STRICT_OBJC_MSGSEND = YES;
				ENABLE_TESTABILITY = YES;
				ENABLE_USER_SCRIPT_SANDBOXING = YES;
				GCC_C_LANGUAGE_STANDARD = gnu17;
				GCC_DYNAMIC_NO_PIC = NO;
				GCC_NO_COMMON_BLOCKS = YES;
				GCC_OPTIMIZATION_LEVEL = 0;
				GCC_PREPROCESSOR_DEFINITIONS = (
					"DEBUG=1",
					"$(inherited)",
				);
				GCC_WARN_64_TO_32_BIT_CONVERSION = YES;
				GCC_WARN_ABOUT_RETURN_TYPE = YES_ERROR;
				GCC_WARN_UNDECLARED_SELECTOR = YES;
				GCC_WARN_UNINITIALIZED_AUTOS = YES_AGGRESSIVE;
				GCC_WARN_UNUSED_FUNCTION = YES;
				GCC_WARN_UNUSED_VARIABLE = YES;
				LOCALIZATION_PREFERS_STRING_CATALOGS = YES;
				MACOSX_DEPLOYMENT_TARGET = 13.5;
				MTL_ENABLE_DEBUG_INFO = INCLUDE_SOURCE;
				MTL_FAST_MATH = YES;
				ONLY_ACTIVE_ARCH = YES;
				SDKROOT = macosx;
				SWIFT_ACTIVE_COMPILATION_CONDITIONS = "DEBUG $(inherited)";
				SWIFT_OPTIMIZATION_LEVEL = "-Onone";
			};
			name = Debug;
		};
		AE554D2B2ACAD2DC00579320 /* Release */ = {
			isa = XCBuildConfiguration;
			buildSettings = {
				ALWAYS_SEARCH_USER_PATHS = NO;
				ASSETCATALOG_COMPILER_GENERATE_SWIFT_ASSET_SYMBOL_EXTENSIONS = YES;
				CLANG_ANALYZER_NONNULL = YES;
				CLANG_ANALYZER_NUMBER_OBJECT_CONVERSION = YES_AGGRESSIVE;
				CLANG_CXX_LANGUAGE_STANDARD = "gnu++20";
				CLANG_ENABLE_MODULES = YES;
				CLANG_ENABLE_OBJC_ARC = YES;
				CLANG_ENABLE_OBJC_WEAK = YES;
				CLANG_WARN_BLOCK_CAPTURE_AUTORELEASING = YES;
				CLANG_WARN_BOOL_CONVERSION = YES;
				CLANG_WARN_COMMA = YES;
				CLANG_WARN_CONSTANT_CONVERSION = YES;
				CLANG_WARN_DEPRECATED_OBJC_IMPLEMENTATIONS = YES;
				CLANG_WARN_DIRECT_OBJC_ISA_USAGE = YES_ERROR;
				CLANG_WARN_DOCUMENTATION_COMMENTS = YES;
				CLANG_WARN_EMPTY_BODY = YES;
				CLANG_WARN_ENUM_CONVERSION = YES;
				CLANG_WARN_INFINITE_RECURSION = YES;
				CLANG_WARN_INT_CONVERSION = YES;
				CLANG_WARN_NON_LITERAL_NULL_CONVERSION = YES;
				CLANG_WARN_OBJC_IMPLICIT_RETAIN_SELF = YES;
				CLANG_WARN_OBJC_LITERAL_CONVERSION = YES;
				CLANG_WARN_OBJC_ROOT_CLASS = YES_ERROR;
				CLANG_WARN_QUOTED_INCLUDE_IN_FRAMEWORK_HEADER = YES;
				CLANG_WARN_RANGE_LOOP_ANALYSIS = YES;
				CLANG_WARN_STRICT_PROTOTYPES = YES;
				CLANG_WARN_SUSPICIOUS_MOVE = YES;
				CLANG_WARN_UNGUARDED_AVAILABILITY = YES_AGGRESSIVE;
				CLANG_WARN_UNREACHABLE_CODE = YES;
				CLANG_WARN__DUPLICATE_METHOD_MATCH = YES;
				COPY_PHASE_STRIP = NO;
				DEBUG_INFORMATION_FORMAT = "dwarf-with-dsym";
				ENABLE_NS_ASSERTIONS = NO;
				ENABLE_STRICT_OBJC_MSGSEND = YES;
				ENABLE_USER_SCRIPT_SANDBOXING = YES;
				GCC_C_LANGUAGE_STANDARD = gnu17;
				GCC_NO_COMMON_BLOCKS = YES;
				GCC_WARN_64_TO_32_BIT_CONVERSION = YES;
				GCC_WARN_ABOUT_RETURN_TYPE = YES_ERROR;
				GCC_WARN_UNDECLARED_SELECTOR = YES;
				GCC_WARN_UNINITIALIZED_AUTOS = YES_AGGRESSIVE;
				GCC_WARN_UNUSED_FUNCTION = YES;
				GCC_WARN_UNUSED_VARIABLE = YES;
				LOCALIZATION_PREFERS_STRING_CATALOGS = YES;
				MACOSX_DEPLOYMENT_TARGET = 13.5;
				MTL_ENABLE_DEBUG_INFO = NO;
				MTL_FAST_MATH = YES;
				SDKROOT = macosx;
				SWIFT_COMPILATION_MODE = wholemodule;
			};
			name = Release;
		};
		AE554D2D2ACAD2DC00579320 /* Debug */ = {
			isa = XCBuildConfiguration;
			buildSettings = {
				ASSETCATALOG_COMPILER_APPICON_NAME = AppIcon;
				ASSETCATALOG_COMPILER_GLOBAL_ACCENT_COLOR_NAME = AccentColor;
				CODE_SIGN_ENTITLEMENTS = "Bandcamp Collection Manager/Bandcamp_Collection_Manager.entitlements";
				CODE_SIGN_STYLE = Automatic;
				COMBINE_HIDPI_IMAGES = YES;
				CURRENT_PROJECT_VERSION = 1;
				GENERATE_INFOPLIST_FILE = YES;
				INFOPLIST_KEY_NSHumanReadableCopyright = "";
				INFOPLIST_KEY_NSMainStoryboardFile = Main;
				INFOPLIST_KEY_NSPrincipalClass = NSApplication;
				LD_RUNPATH_SEARCH_PATHS = (
					"$(inherited)",
					"@executable_path/../Frameworks",
				);
				MARKETING_VERSION = 1.0;
				PRODUCT_BUNDLE_IDENTIFIER = "com.falsevictories.Bandcamp-Collection-Manager";
				PRODUCT_NAME = "$(TARGET_NAME)";
				SWIFT_EMIT_LOC_STRINGS = YES;
				SWIFT_VERSION = 5.0;
			};
			name = Debug;
		};
		AE554D2E2ACAD2DC00579320 /* Release */ = {
			isa = XCBuildConfiguration;
			buildSettings = {
				ASSETCATALOG_COMPILER_APPICON_NAME = AppIcon;
				ASSETCATALOG_COMPILER_GLOBAL_ACCENT_COLOR_NAME = AccentColor;
				CODE_SIGN_ENTITLEMENTS = "Bandcamp Collection Manager/Bandcamp_Collection_Manager.entitlements";
				CODE_SIGN_STYLE = Automatic;
				COMBINE_HIDPI_IMAGES = YES;
				CURRENT_PROJECT_VERSION = 1;
				GENERATE_INFOPLIST_FILE = YES;
				INFOPLIST_KEY_NSHumanReadableCopyright = "";
				INFOPLIST_KEY_NSMainStoryboardFile = Main;
				INFOPLIST_KEY_NSPrincipalClass = NSApplication;
				LD_RUNPATH_SEARCH_PATHS = (
					"$(inherited)",
					"@executable_path/../Frameworks",
				);
				MARKETING_VERSION = 1.0;
				PRODUCT_BUNDLE_IDENTIFIER = "com.falsevictories.Bandcamp-Collection-Manager";
				PRODUCT_NAME = "$(TARGET_NAME)";
				SWIFT_EMIT_LOC_STRINGS = YES;
				SWIFT_VERSION = 5.0;
			};
			name = Release;
		};
		AE554D302ACAD2DC00579320 /* Debug */ = {
			isa = XCBuildConfiguration;
			buildSettings = {
				ALWAYS_EMBED_SWIFT_STANDARD_LIBRARIES = YES;
				BUNDLE_LOADER = "$(TEST_HOST)";
				CODE_SIGN_STYLE = Automatic;
				CURRENT_PROJECT_VERSION = 1;
				GENERATE_INFOPLIST_FILE = YES;
				MACOSX_DEPLOYMENT_TARGET = 13.5;
				MARKETING_VERSION = 1.0;
				PRODUCT_BUNDLE_IDENTIFIER = "com.falsevictories.Bandcamp-Collection-ManagerTests";
				PRODUCT_NAME = "$(TARGET_NAME)";
				SWIFT_EMIT_LOC_STRINGS = NO;
				SWIFT_VERSION = 5.0;
				TEST_HOST = "$(BUILT_PRODUCTS_DIR)/Bandcamp Collection Manager.app/$(BUNDLE_EXECUTABLE_FOLDER_PATH)/Bandcamp Collection Manager";
			};
			name = Debug;
		};
		AE554D312ACAD2DC00579320 /* Release */ = {
			isa = XCBuildConfiguration;
			buildSettings = {
				ALWAYS_EMBED_SWIFT_STANDARD_LIBRARIES = YES;
				BUNDLE_LOADER = "$(TEST_HOST)";
				CODE_SIGN_STYLE = Automatic;
				CURRENT_PROJECT_VERSION = 1;
				GENERATE_INFOPLIST_FILE = YES;
				MACOSX_DEPLOYMENT_TARGET = 13.5;
				MARKETING_VERSION = 1.0;
				PRODUCT_BUNDLE_IDENTIFIER = "com.falsevictories.Bandcamp-Collection-ManagerTests";
				PRODUCT_NAME = "$(TARGET_NAME)";
				SWIFT_EMIT_LOC_STRINGS = NO;
				SWIFT_VERSION = 5.0;
				TEST_HOST = "$(BUILT_PRODUCTS_DIR)/Bandcamp Collection Manager.app/$(BUNDLE_EXECUTABLE_FOLDER_PATH)/Bandcamp Collection Manager";
			};
			name = Release;
		};
		AE554D332ACAD2DC00579320 /* Debug */ = {
			isa = XCBuildConfiguration;
			buildSettings = {
				ALWAYS_EMBED_SWIFT_STANDARD_LIBRARIES = YES;
				CODE_SIGN_STYLE = Automatic;
				CURRENT_PROJECT_VERSION = 1;
				GENERATE_INFOPLIST_FILE = YES;
				MARKETING_VERSION = 1.0;
				PRODUCT_BUNDLE_IDENTIFIER = "com.falsevictories.Bandcamp-Collection-ManagerUITests";
				PRODUCT_NAME = "$(TARGET_NAME)";
				SWIFT_EMIT_LOC_STRINGS = NO;
				SWIFT_VERSION = 5.0;
				TEST_TARGET_NAME = "Bandcamp Collection Manager";
			};
			name = Debug;
		};
		AE554D342ACAD2DC00579320 /* Release */ = {
			isa = XCBuildConfiguration;
			buildSettings = {
				ALWAYS_EMBED_SWIFT_STANDARD_LIBRARIES = YES;
				CODE_SIGN_STYLE = Automatic;
				CURRENT_PROJECT_VERSION = 1;
				GENERATE_INFOPLIST_FILE = YES;
				MARKETING_VERSION = 1.0;
				PRODUCT_BUNDLE_IDENTIFIER = "com.falsevictories.Bandcamp-Collection-ManagerUITests";
				PRODUCT_NAME = "$(TARGET_NAME)";
				SWIFT_EMIT_LOC_STRINGS = NO;
				SWIFT_VERSION = 5.0;
				TEST_TARGET_NAME = "Bandcamp Collection Manager";
			};
			name = Release;
		};
/* End XCBuildConfiguration section */

/* Begin XCConfigurationList section */
		AE554D022ACAD2DB00579320 /* Build configuration list for PBXProject "Bandcamp Collection Manager" */ = {
			isa = XCConfigurationList;
			buildConfigurations = (
				AE554D2A2ACAD2DC00579320 /* Debug */,
				AE554D2B2ACAD2DC00579320 /* Release */,
			);
			defaultConfigurationIsVisible = 0;
			defaultConfigurationName = Release;
		};
		AE554D2C2ACAD2DC00579320 /* Build configuration list for PBXNativeTarget "Bandcamp Collection Manager" */ = {
			isa = XCConfigurationList;
			buildConfigurations = (
				AE554D2D2ACAD2DC00579320 /* Debug */,
				AE554D2E2ACAD2DC00579320 /* Release */,
			);
			defaultConfigurationIsVisible = 0;
			defaultConfigurationName = Release;
		};
		AE554D2F2ACAD2DC00579320 /* Build configuration list for PBXNativeTarget "Bandcamp Collection ManagerTests" */ = {
			isa = XCConfigurationList;
			buildConfigurations = (
				AE554D302ACAD2DC00579320 /* Debug */,
				AE554D312ACAD2DC00579320 /* Release */,
			);
			defaultConfigurationIsVisible = 0;
			defaultConfigurationName = Release;
		};
		AE554D322ACAD2DC00579320 /* Build configuration list for PBXNativeTarget "Bandcamp Collection ManagerUITests" */ = {
			isa = XCConfigurationList;
			buildConfigurations = (
				AE554D332ACAD2DC00579320 /* Debug */,
				AE554D342ACAD2DC00579320 /* Release */,
			);
			defaultConfigurationIsVisible = 0;
			defaultConfigurationName = Release;
		};
/* End XCConfigurationList section */
	};
	rootObject = AE554CFF2ACAD2DB00579320 /* Project object */;
}
